// !$*UTF8*$!
{
	archiveVersion = 1;
	classes = {
	};
	objectVersion = 46;
	objects = {

/* Begin PBXBuildFile section */
		1CBB8ABD1EAF820B000C3ABF /* VCBase.m in Sources */ = {isa = PBXBuildFile; fileRef = 1CBB8A8A1EAF820B000C3ABF /* VCBase.m */; };
		1CBB8ABE1EAF820B000C3ABF /* VCMain.m in Sources */ = {isa = PBXBuildFile; fileRef = 1CBB8A8C1EAF820B000C3ABF /* VCMain.m */; };
		1CBB8ABF1EAF820B000C3ABF /* VCNavBase.m in Sources */ = {isa = PBXBuildFile; fileRef = 1CBB8A8E1EAF820B000C3ABF /* VCNavBase.m */; };
		1CBB8AC01EAF820B000C3ABF /* VCDiscover.m in Sources */ = {isa = PBXBuildFile; fileRef = 1CBB8A921EAF820B000C3ABF /* VCDiscover.m */; };
		1CBB8AC11EAF820B000C3ABF /* VCFriend.m in Sources */ = {isa = PBXBuildFile; fileRef = 1CBB8A981EAF820B000C3ABF /* VCFriend.m */; };
		1CBB8AC21EAF820B000C3ABF /* VCMessage.m in Sources */ = {isa = PBXBuildFile; fileRef = 1CBB8A9E1EAF820B000C3ABF /* VCMessage.m */; };
		1CBB8AC31EAF820B000C3ABF /* VCMine.m in Sources */ = {isa = PBXBuildFile; fileRef = 1CBB8AA41EAF820B000C3ABF /* VCMine.m */; };
		1CBB8AC41EAF820B000C3ABF /* VCLogin.m in Sources */ = {isa = PBXBuildFile; fileRef = 1CBB8AAA1EAF820B000C3ABF /* VCLogin.m */; };
		1CBB8AC51EAF820B000C3ABF /* VCRegFinish.m in Sources */ = {isa = PBXBuildFile; fileRef = 1CBB8AAC1EAF820B000C3ABF /* VCRegFinish.m */; };
		1CBB8AC61EAF820B000C3ABF /* VCRegister.m in Sources */ = {isa = PBXBuildFile; fileRef = 1CBB8AAE1EAF820B000C3ABF /* VCRegister.m */; };
		1CBB8AC71EAF820B000C3ABF /* UIImageView+SDWebImage.m in Sources */ = {isa = PBXBuildFile; fileRef = 1CBB8AB41EAF820B000C3ABF /* UIImageView+SDWebImage.m */; };
		1CBB8AC81EAF820B000C3ABF /* UIView+Frame.m in Sources */ = {isa = PBXBuildFile; fileRef = 1CBB8AB61EAF820B000C3ABF /* UIView+Frame.m */; };
		1CBB8AC91EAF820B000C3ABF /* XmppCenter.m in Sources */ = {isa = PBXBuildFile; fileRef = 1CBB8ABB1EAF820B000C3ABF /* XmppCenter.m */; };
		1CBB8ACC1EAF82B8000C3ABF /* FriendCell.m in Sources */ = {isa = PBXBuildFile; fileRef = 1CBB8ACB1EAF82B8000C3ABF /* FriendCell.m */; };
		29E8767B1EAF4A2F00F0E55F /* main.m in Sources */ = {isa = PBXBuildFile; fileRef = 29E8767A1EAF4A2F00F0E55F /* main.m */; };
		29E8767E1EAF4A2F00F0E55F /* AppDelegate.m in Sources */ = {isa = PBXBuildFile; fileRef = 29E8767D1EAF4A2F00F0E55F /* AppDelegate.m */; };
		29E876811EAF4A2F00F0E55F /* ViewController.m in Sources */ = {isa = PBXBuildFile; fileRef = 29E876801EAF4A2F00F0E55F /* ViewController.m */; };
		29E876841EAF4A2F00F0E55F /* Main.storyboard in Resources */ = {isa = PBXBuildFile; fileRef = 29E876821EAF4A2F00F0E55F /* Main.storyboard */; };
		29E876861EAF4A2F00F0E55F /* Assets.xcassets in Resources */ = {isa = PBXBuildFile; fileRef = 29E876851EAF4A2F00F0E55F /* Assets.xcassets */; };
		29E876891EAF4A2F00F0E55F /* LaunchScreen.storyboard in Resources */ = {isa = PBXBuildFile; fileRef = 29E876871EAF4A2F00F0E55F /* LaunchScreen.storyboard */; };
		29E876B21EAF501900F0E55F /* Security.framework in Frameworks */ = {isa = PBXBuildFile; fileRef = 29E876B11EAF501900F0E55F /* Security.framework */; };
		29E876B41EAF502700F0E55F /* CoreLocation.framework in Frameworks */ = {isa = PBXBuildFile; fileRef = 29E876B31EAF502700F0E55F /* CoreLocation.framework */; };
		29E876B61EAF502C00F0E55F /* CoreGraphics.framework in Frameworks */ = {isa = PBXBuildFile; fileRef = 29E876B51EAF502C00F0E55F /* CoreGraphics.framework */; };
		29E876B81EAF503300F0E55F /* libxml2.tbd in Frameworks */ = {isa = PBXBuildFile; fileRef = 29E876B71EAF503300F0E55F /* libxml2.tbd */; };
		29E876BA1EAF503B00F0E55F /* CFNetwork.framework in Frameworks */ = {isa = PBXBuildFile; fileRef = 29E876B91EAF503B00F0E55F /* CFNetwork.framework */; };
		29E876BC1EAF507900F0E55F /* SystemConfiguration.framework in Frameworks */ = {isa = PBXBuildFile; fileRef = 29E876BB1EAF507900F0E55F /* SystemConfiguration.framework */; };
		29E876BE1EAF508300F0E55F /* CoreData.framework in Frameworks */ = {isa = PBXBuildFile; fileRef = 29E876BD1EAF508300F0E55F /* CoreData.framework */; };
		29E876C01EAF508A00F0E55F /* libresolv.tbd in Frameworks */ = {isa = PBXBuildFile; fileRef = 29E876BF1EAF508A00F0E55F /* libresolv.tbd */; };
		29E876C21EAF509000F0E55F /* libz.tbd in Frameworks */ = {isa = PBXBuildFile; fileRef = 29E876C11EAF509000F0E55F /* libz.tbd */; };
		29E876C41EAF509800F0E55F /* libicucore.tbd in Frameworks */ = {isa = PBXBuildFile; fileRef = 29E876C31EAF509800F0E55F /* libicucore.tbd */; };
		29E876C61EAF509E00F0E55F /* MessageUI.framework in Frameworks */ = {isa = PBXBuildFile; fileRef = 29E876C51EAF509E00F0E55F /* MessageUI.framework */; };
		29E876C81EAF50A400F0E55F /* JavaScriptCore.framework in Frameworks */ = {isa = PBXBuildFile; fileRef = 29E876C71EAF50A400F0E55F /* JavaScriptCore.framework */; };
		29E876CC1EAF50B300F0E55F /* CoreTelephony.framework in Frameworks */ = {isa = PBXBuildFile; fileRef = 29E876CB1EAF50B300F0E55F /* CoreTelephony.framework */; };
		29E876CE1EAF50B900F0E55F /* VideoToolbox.framework in Frameworks */ = {isa = PBXBuildFile; fileRef = 29E876CD1EAF50B900F0E55F /* VideoToolbox.framework */; };
		29E876D01EAF50BF00F0E55F /* GLKit.framework in Frameworks */ = {isa = PBXBuildFile; fileRef = 29E876CF1EAF50BF00F0E55F /* GLKit.framework */; };
		29E876FF1EB0464D00F0E55F /* VCAddFriend.m in Sources */ = {isa = PBXBuildFile; fileRef = 29E876FE1EB0464D00F0E55F /* VCAddFriend.m */; };
		29E8770F1EB0478600F0E55F /* HMScanerCardViewController.m in Sources */ = {isa = PBXBuildFile; fileRef = 29E877031EB0478500F0E55F /* HMScanerCardViewController.m */; };
		29E877101EB0478600F0E55F /* HMScanner.bundle in Resources */ = {isa = PBXBuildFile; fileRef = 29E877041EB0478500F0E55F /* HMScanner.bundle */; };
		29E877111EB0478600F0E55F /* HMScanner.m in Sources */ = {isa = PBXBuildFile; fileRef = 29E877061EB0478500F0E55F /* HMScanner.m */; };
		29E877121EB0478600F0E55F /* HMScannerBorder.m in Sources */ = {isa = PBXBuildFile; fileRef = 29E877081EB0478500F0E55F /* HMScannerBorder.m */; };
		29E877131EB0478600F0E55F /* HMScannerController.m in Sources */ = {isa = PBXBuildFile; fileRef = 29E8770A1EB0478500F0E55F /* HMScannerController.m */; };
		29E877141EB0478600F0E55F /* HMScannerMaskView.m in Sources */ = {isa = PBXBuildFile; fileRef = 29E8770C1EB0478500F0E55F /* HMScannerMaskView.m */; };
		29E877151EB0478600F0E55F /* HMScannerViewController.m in Sources */ = {isa = PBXBuildFile; fileRef = 29E8770E1EB0478500F0E55F /* HMScannerViewController.m */; };
		29E8771C1EB047AA00F0E55F /* CellMeAction.m in Sources */ = {isa = PBXBuildFile; fileRef = 29E877171EB047AA00F0E55F /* CellMeAction.m */; };
		29E8771D1EB047AA00F0E55F /* CellSetting.m in Sources */ = {isa = PBXBuildFile; fileRef = 29E877191EB047AA00F0E55F /* CellSetting.m */; };
		29E8771E1EB047AA00F0E55F /* CellUserImg.m in Sources */ = {isa = PBXBuildFile; fileRef = 29E8771B1EB047AA00F0E55F /* CellUserImg.m */; };
		29E877251EB047DA00F0E55F /* VCSetting.m in Sources */ = {isa = PBXBuildFile; fileRef = 29E877201EB047DA00F0E55F /* VCSetting.m */; };
		29E877261EB047DA00F0E55F /* VCQr.m in Sources */ = {isa = PBXBuildFile; fileRef = 29E877221EB047DA00F0E55F /* VCQr.m */; };
		29E877271EB047DA00F0E55F /* VCPhoto.m in Sources */ = {isa = PBXBuildFile; fileRef = 29E877241EB047DA00F0E55F /* VCPhoto.m */; };
		29E8772A1EB048C700F0E55F /* ActionSheet.m in Sources */ = {isa = PBXBuildFile; fileRef = 29E877291EB048C700F0E55F /* ActionSheet.m */; };
		29E8772D1EB0494B00F0E55F /* Toast.m in Sources */ = {isa = PBXBuildFile; fileRef = 29E8772C1EB0494B00F0E55F /* Toast.m */; };
		29E877331EB04B6100F0E55F /* MessageCell.m in Sources */ = {isa = PBXBuildFile; fileRef = 29E877321EB04B6100F0E55F /* MessageCell.m */; };
		29E877361EB04D6900F0E55F /* VCNewFriend.m in Sources */ = {isa = PBXBuildFile; fileRef = 29E877351EB04D6900F0E55F /* VCNewFriend.m */; };
		29E877391EB04DE700F0E55F /* NewFriendCell.m in Sources */ = {isa = PBXBuildFile; fileRef = 29E877381EB04DE700F0E55F /* NewFriendCell.m */; };
		29E8773C1EB0547600F0E55F /* VCGroupList.m in Sources */ = {isa = PBXBuildFile; fileRef = 29E8773B1EB0547600F0E55F /* VCGroupList.m */; };
		29E8773F1EB0570900F0E55F /* GroupListCell.m in Sources */ = {isa = PBXBuildFile; fileRef = 29E8773E1EB0570900F0E55F /* GroupListCell.m */; };
		29E877461EB0683600F0E55F /* VCChat.m in Sources */ = {isa = PBXBuildFile; fileRef = 29E877451EB0683600F0E55F /* VCChat.m */; };
		29E877491EB068B600F0E55F /* ChatCell.m in Sources */ = {isa = PBXBuildFile; fileRef = 29E877481EB068B600F0E55F /* ChatCell.m */; };
		29E8774C1EB072E300F0E55F /* InputTextBar.m in Sources */ = {isa = PBXBuildFile; fileRef = 29E8774B1EB072E300F0E55F /* InputTextBar.m */; };
		29E8774F1EB07D8400F0E55F /* FaceView.m in Sources */ = {isa = PBXBuildFile; fileRef = 29E8774E1EB07D8400F0E55F /* FaceView.m */; };
		29E877521EB0858A00F0E55F /* FunctionView.m in Sources */ = {isa = PBXBuildFile; fileRef = 29E877511EB0858A00F0E55F /* FunctionView.m */; };
		29E877551EB0AB5E00F0E55F /* FuncButton.m in Sources */ = {isa = PBXBuildFile; fileRef = 29E877541EB0AB5E00F0E55F /* FuncButton.m */; };
		29E877581EB2E5E700F0E55F /* VCMap.m in Sources */ = {isa = PBXBuildFile; fileRef = 29E877571EB2E5E700F0E55F /* VCMap.m */; };
		29E8775B1EB2E84800F0E55F /* MapInfo.m in Sources */ = {isa = PBXBuildFile; fileRef = 29E8775A1EB2E84800F0E55F /* MapInfo.m */; };
		29E877601EB2E89100F0E55F /* ReGeocodeAnnotation.m in Sources */ = {isa = PBXBuildFile; fileRef = 29E8775D1EB2E89100F0E55F /* ReGeocodeAnnotation.m */; };
		29E877611EB2E89100F0E55F /* MANaviAnnotationView.m in Sources */ = {isa = PBXBuildFile; fileRef = 29E8775F1EB2E89100F0E55F /* MANaviAnnotationView.m */; };
		29E877711EB2E94600F0E55F /* AMapFoundationKit.framework in Frameworks */ = {isa = PBXBuildFile; fileRef = 29E8776E1EB2E94600F0E55F /* AMapFoundationKit.framework */; };
		29E877721EB2E94600F0E55F /* AMapLocationKit.framework in Frameworks */ = {isa = PBXBuildFile; fileRef = 29E8776F1EB2E94600F0E55F /* AMapLocationKit.framework */; };
		29E877731EB2E94600F0E55F /* AMapSearchKit.framework in Frameworks */ = {isa = PBXBuildFile; fileRef = 29E877701EB2E94600F0E55F /* AMapSearchKit.framework */; };
		29E877751EB2EBD700F0E55F /* OpenGLES.framework in Frameworks */ = {isa = PBXBuildFile; fileRef = 29E877741EB2EBD700F0E55F /* OpenGLES.framework */; };
		29E877771EB2EC0D00F0E55F /* libstdc++.6.0.9.tbd in Frameworks */ = {isa = PBXBuildFile; fileRef = 29E877761EB2EC0D00F0E55F /* libstdc++.6.0.9.tbd */; };
		29E877791EB2EC1900F0E55F /* libc++.tbd in Frameworks */ = {isa = PBXBuildFile; fileRef = 29E877781EB2EC1900F0E55F /* libc++.tbd */; };
		29E8777B1EB2EC3A00F0E55F /* AdSupport.framework in Frameworks */ = {isa = PBXBuildFile; fileRef = 29E8777A1EB2EC3A00F0E55F /* AdSupport.framework */; };
		29E8777D1EB2EC7B00F0E55F /* MAMapKit.framework in Frameworks */ = {isa = PBXBuildFile; fileRef = 29E8777C1EB2EC7B00F0E55F /* MAMapKit.framework */; };
		29E877831EB2F40800F0E55F /* UIView+Screenshot.m in Sources */ = {isa = PBXBuildFile; fileRef = 29E877821EB2F40800F0E55F /* UIView+Screenshot.m */; };
		29E877861EB3113900F0E55F /* VCMapShow.m in Sources */ = {isa = PBXBuildFile; fileRef = 29E877851EB3113900F0E55F /* VCMapShow.m */; };
		2ACE972838EBAFB836DAC752 /* Pods_WeiIM.framework in Frameworks */ = {isa = PBXBuildFile; fileRef = FEA024DF9AD0F34FBAD8357A /* Pods_WeiIM.framework */; };
/* End PBXBuildFile section */

/* Begin PBXFileReference section */
		1CBB8A891EAF820B000C3ABF /* VCBase.h */ = {isa = PBXFileReference; fileEncoding = 4; lastKnownFileType = sourcecode.c.h; path = VCBase.h; sourceTree = "<group>"; };
		1CBB8A8A1EAF820B000C3ABF /* VCBase.m */ = {isa = PBXFileReference; fileEncoding = 4; lastKnownFileType = sourcecode.c.objc; path = VCBase.m; sourceTree = "<group>"; };
		1CBB8A8B1EAF820B000C3ABF /* VCMain.h */ = {isa = PBXFileReference; fileEncoding = 4; lastKnownFileType = sourcecode.c.h; path = VCMain.h; sourceTree = "<group>"; };
		1CBB8A8C1EAF820B000C3ABF /* VCMain.m */ = {isa = PBXFileReference; fileEncoding = 4; lastKnownFileType = sourcecode.c.objc; path = VCMain.m; sourceTree = "<group>"; };
		1CBB8A8D1EAF820B000C3ABF /* VCNavBase.h */ = {isa = PBXFileReference; fileEncoding = 4; lastKnownFileType = sourcecode.c.h; path = VCNavBase.h; sourceTree = "<group>"; };
		1CBB8A8E1EAF820B000C3ABF /* VCNavBase.m */ = {isa = PBXFileReference; fileEncoding = 4; lastKnownFileType = sourcecode.c.objc; path = VCNavBase.m; sourceTree = "<group>"; };
		1CBB8A911EAF820B000C3ABF /* VCDiscover.h */ = {isa = PBXFileReference; fileEncoding = 4; lastKnownFileType = sourcecode.c.h; path = VCDiscover.h; sourceTree = "<group>"; };
		1CBB8A921EAF820B000C3ABF /* VCDiscover.m */ = {isa = PBXFileReference; fileEncoding = 4; lastKnownFileType = sourcecode.c.objc; path = VCDiscover.m; sourceTree = "<group>"; };
		1CBB8A971EAF820B000C3ABF /* VCFriend.h */ = {isa = PBXFileReference; fileEncoding = 4; lastKnownFileType = sourcecode.c.h; path = VCFriend.h; sourceTree = "<group>"; };
		1CBB8A981EAF820B000C3ABF /* VCFriend.m */ = {isa = PBXFileReference; fileEncoding = 4; lastKnownFileType = sourcecode.c.objc; path = VCFriend.m; sourceTree = "<group>"; };
		1CBB8A9D1EAF820B000C3ABF /* VCMessage.h */ = {isa = PBXFileReference; fileEncoding = 4; lastKnownFileType = sourcecode.c.h; path = VCMessage.h; sourceTree = "<group>"; };
		1CBB8A9E1EAF820B000C3ABF /* VCMessage.m */ = {isa = PBXFileReference; fileEncoding = 4; lastKnownFileType = sourcecode.c.objc; path = VCMessage.m; sourceTree = "<group>"; };
		1CBB8AA31EAF820B000C3ABF /* VCMine.h */ = {isa = PBXFileReference; fileEncoding = 4; lastKnownFileType = sourcecode.c.h; path = VCMine.h; sourceTree = "<group>"; };
		1CBB8AA41EAF820B000C3ABF /* VCMine.m */ = {isa = PBXFileReference; fileEncoding = 4; lastKnownFileType = sourcecode.c.objc; path = VCMine.m; sourceTree = "<group>"; };
		1CBB8AA91EAF820B000C3ABF /* VCLogin.h */ = {isa = PBXFileReference; fileEncoding = 4; lastKnownFileType = sourcecode.c.h; path = VCLogin.h; sourceTree = "<group>"; };
		1CBB8AAA1EAF820B000C3ABF /* VCLogin.m */ = {isa = PBXFileReference; fileEncoding = 4; lastKnownFileType = sourcecode.c.objc; path = VCLogin.m; sourceTree = "<group>"; };
		1CBB8AAB1EAF820B000C3ABF /* VCRegFinish.h */ = {isa = PBXFileReference; fileEncoding = 4; lastKnownFileType = sourcecode.c.h; path = VCRegFinish.h; sourceTree = "<group>"; };
		1CBB8AAC1EAF820B000C3ABF /* VCRegFinish.m */ = {isa = PBXFileReference; fileEncoding = 4; lastKnownFileType = sourcecode.c.objc; path = VCRegFinish.m; sourceTree = "<group>"; };
		1CBB8AAD1EAF820B000C3ABF /* VCRegister.h */ = {isa = PBXFileReference; fileEncoding = 4; lastKnownFileType = sourcecode.c.h; path = VCRegister.h; sourceTree = "<group>"; };
		1CBB8AAE1EAF820B000C3ABF /* VCRegister.m */ = {isa = PBXFileReference; fileEncoding = 4; lastKnownFileType = sourcecode.c.objc; path = VCRegister.m; sourceTree = "<group>"; };
		1CBB8AB31EAF820B000C3ABF /* UIImageView+SDWebImage.h */ = {isa = PBXFileReference; fileEncoding = 4; lastKnownFileType = sourcecode.c.h; path = "UIImageView+SDWebImage.h"; sourceTree = "<group>"; };
		1CBB8AB41EAF820B000C3ABF /* UIImageView+SDWebImage.m */ = {isa = PBXFileReference; fileEncoding = 4; lastKnownFileType = sourcecode.c.objc; path = "UIImageView+SDWebImage.m"; sourceTree = "<group>"; };
		1CBB8AB51EAF820B000C3ABF /* UIView+Frame.h */ = {isa = PBXFileReference; fileEncoding = 4; lastKnownFileType = sourcecode.c.h; path = "UIView+Frame.h"; sourceTree = "<group>"; };
		1CBB8AB61EAF820B000C3ABF /* UIView+Frame.m */ = {isa = PBXFileReference; fileEncoding = 4; lastKnownFileType = sourcecode.c.objc; path = "UIView+Frame.m"; sourceTree = "<group>"; };
		1CBB8AB81EAF820B000C3ABF /* Global.h */ = {isa = PBXFileReference; fileEncoding = 4; lastKnownFileType = sourcecode.c.h; path = Global.h; sourceTree = "<group>"; };
		1CBB8ABA1EAF820B000C3ABF /* XmppCenter.h */ = {isa = PBXFileReference; fileEncoding = 4; lastKnownFileType = sourcecode.c.h; path = XmppCenter.h; sourceTree = "<group>"; };
		1CBB8ABB1EAF820B000C3ABF /* XmppCenter.m */ = {isa = PBXFileReference; fileEncoding = 4; lastKnownFileType = sourcecode.c.objc; path = XmppCenter.m; sourceTree = "<group>"; };
		1CBB8ABC1EAF820B000C3ABF /* XMPPConfig.h */ = {isa = PBXFileReference; fileEncoding = 4; lastKnownFileType = sourcecode.c.h; path = XMPPConfig.h; sourceTree = "<group>"; };
		1CBB8ACA1EAF82B8000C3ABF /* FriendCell.h */ = {isa = PBXFileReference; fileEncoding = 4; lastKnownFileType = sourcecode.c.h; path = FriendCell.h; sourceTree = "<group>"; };
		1CBB8ACB1EAF82B8000C3ABF /* FriendCell.m */ = {isa = PBXFileReference; fileEncoding = 4; lastKnownFileType = sourcecode.c.objc; path = FriendCell.m; sourceTree = "<group>"; };
		29E876761EAF4A2F00F0E55F /* WeiIM.app */ = {isa = PBXFileReference; explicitFileType = wrapper.application; includeInIndex = 0; path = WeiIM.app; sourceTree = BUILT_PRODUCTS_DIR; };
		29E8767A1EAF4A2F00F0E55F /* main.m */ = {isa = PBXFileReference; lastKnownFileType = sourcecode.c.objc; path = main.m; sourceTree = "<group>"; };
		29E8767C1EAF4A2F00F0E55F /* AppDelegate.h */ = {isa = PBXFileReference; lastKnownFileType = sourcecode.c.h; path = AppDelegate.h; sourceTree = "<group>"; };
		29E8767D1EAF4A2F00F0E55F /* AppDelegate.m */ = {isa = PBXFileReference; lastKnownFileType = sourcecode.c.objc; path = AppDelegate.m; sourceTree = "<group>"; };
		29E8767F1EAF4A2F00F0E55F /* ViewController.h */ = {isa = PBXFileReference; lastKnownFileType = sourcecode.c.h; path = ViewController.h; sourceTree = "<group>"; };
		29E876801EAF4A2F00F0E55F /* ViewController.m */ = {isa = PBXFileReference; lastKnownFileType = sourcecode.c.objc; path = ViewController.m; sourceTree = "<group>"; };
		29E876831EAF4A2F00F0E55F /* Base */ = {isa = PBXFileReference; lastKnownFileType = file.storyboard; name = Base; path = Base.lproj/Main.storyboard; sourceTree = "<group>"; };
		29E876851EAF4A2F00F0E55F /* Assets.xcassets */ = {isa = PBXFileReference; lastKnownFileType = folder.assetcatalog; path = Assets.xcassets; sourceTree = "<group>"; };
		29E876881EAF4A2F00F0E55F /* Base */ = {isa = PBXFileReference; lastKnownFileType = file.storyboard; name = Base; path = Base.lproj/LaunchScreen.storyboard; sourceTree = "<group>"; };
		29E8768A1EAF4A2F00F0E55F /* Info.plist */ = {isa = PBXFileReference; lastKnownFileType = text.plist.xml; path = Info.plist; sourceTree = "<group>"; };
		29E876B01EAF4D2700F0E55F /* PrefixHeader.pch */ = {isa = PBXFileReference; lastKnownFileType = sourcecode.c.h; path = PrefixHeader.pch; sourceTree = "<group>"; };
		29E876B11EAF501900F0E55F /* Security.framework */ = {isa = PBXFileReference; lastKnownFileType = wrapper.framework; name = Security.framework; path = System/Library/Frameworks/Security.framework; sourceTree = SDKROOT; };
		29E876B31EAF502700F0E55F /* CoreLocation.framework */ = {isa = PBXFileReference; lastKnownFileType = wrapper.framework; name = CoreLocation.framework; path = System/Library/Frameworks/CoreLocation.framework; sourceTree = SDKROOT; };
		29E876B51EAF502C00F0E55F /* CoreGraphics.framework */ = {isa = PBXFileReference; lastKnownFileType = wrapper.framework; name = CoreGraphics.framework; path = System/Library/Frameworks/CoreGraphics.framework; sourceTree = SDKROOT; };
		29E876B71EAF503300F0E55F /* libxml2.tbd */ = {isa = PBXFileReference; lastKnownFileType = "sourcecode.text-based-dylib-definition"; name = libxml2.tbd; path = usr/lib/libxml2.tbd; sourceTree = SDKROOT; };
		29E876B91EAF503B00F0E55F /* CFNetwork.framework */ = {isa = PBXFileReference; lastKnownFileType = wrapper.framework; name = CFNetwork.framework; path = System/Library/Frameworks/CFNetwork.framework; sourceTree = SDKROOT; };
		29E876BB1EAF507900F0E55F /* SystemConfiguration.framework */ = {isa = PBXFileReference; lastKnownFileType = wrapper.framework; name = SystemConfiguration.framework; path = System/Library/Frameworks/SystemConfiguration.framework; sourceTree = SDKROOT; };
		29E876BD1EAF508300F0E55F /* CoreData.framework */ = {isa = PBXFileReference; lastKnownFileType = wrapper.framework; name = CoreData.framework; path = System/Library/Frameworks/CoreData.framework; sourceTree = SDKROOT; };
		29E876BF1EAF508A00F0E55F /* libresolv.tbd */ = {isa = PBXFileReference; lastKnownFileType = "sourcecode.text-based-dylib-definition"; name = libresolv.tbd; path = usr/lib/libresolv.tbd; sourceTree = SDKROOT; };
		29E876C11EAF509000F0E55F /* libz.tbd */ = {isa = PBXFileReference; lastKnownFileType = "sourcecode.text-based-dylib-definition"; name = libz.tbd; path = usr/lib/libz.tbd; sourceTree = SDKROOT; };
		29E876C31EAF509800F0E55F /* libicucore.tbd */ = {isa = PBXFileReference; lastKnownFileType = "sourcecode.text-based-dylib-definition"; name = libicucore.tbd; path = usr/lib/libicucore.tbd; sourceTree = SDKROOT; };
		29E876C51EAF509E00F0E55F /* MessageUI.framework */ = {isa = PBXFileReference; lastKnownFileType = wrapper.framework; name = MessageUI.framework; path = System/Library/Frameworks/MessageUI.framework; sourceTree = SDKROOT; };
		29E876C71EAF50A400F0E55F /* JavaScriptCore.framework */ = {isa = PBXFileReference; lastKnownFileType = wrapper.framework; name = JavaScriptCore.framework; path = System/Library/Frameworks/JavaScriptCore.framework; sourceTree = SDKROOT; };
		29E876C91EAF50AC00F0E55F /* libstdc++.tbd */ = {isa = PBXFileReference; lastKnownFileType = "sourcecode.text-based-dylib-definition"; name = "libstdc++.tbd"; path = "usr/lib/libstdc++.tbd"; sourceTree = SDKROOT; };
		29E876CB1EAF50B300F0E55F /* CoreTelephony.framework */ = {isa = PBXFileReference; lastKnownFileType = wrapper.framework; name = CoreTelephony.framework; path = System/Library/Frameworks/CoreTelephony.framework; sourceTree = SDKROOT; };
		29E876CD1EAF50B900F0E55F /* VideoToolbox.framework */ = {isa = PBXFileReference; lastKnownFileType = wrapper.framework; name = VideoToolbox.framework; path = System/Library/Frameworks/VideoToolbox.framework; sourceTree = SDKROOT; };
		29E876CF1EAF50BF00F0E55F /* GLKit.framework */ = {isa = PBXFileReference; lastKnownFileType = wrapper.framework; name = GLKit.framework; path = System/Library/Frameworks/GLKit.framework; sourceTree = SDKROOT; };
		29E876FD1EB0464D00F0E55F /* VCAddFriend.h */ = {isa = PBXFileReference; fileEncoding = 4; lastKnownFileType = sourcecode.c.h; path = VCAddFriend.h; sourceTree = "<group>"; };
		29E876FE1EB0464D00F0E55F /* VCAddFriend.m */ = {isa = PBXFileReference; fileEncoding = 4; lastKnownFileType = sourcecode.c.objc; path = VCAddFriend.m; sourceTree = "<group>"; };
		29E877021EB0478500F0E55F /* HMScanerCardViewController.h */ = {isa = PBXFileReference; fileEncoding = 4; lastKnownFileType = sourcecode.c.h; path = HMScanerCardViewController.h; sourceTree = "<group>"; };
		29E877031EB0478500F0E55F /* HMScanerCardViewController.m */ = {isa = PBXFileReference; fileEncoding = 4; lastKnownFileType = sourcecode.c.objc; path = HMScanerCardViewController.m; sourceTree = "<group>"; };
		29E877041EB0478500F0E55F /* HMScanner.bundle */ = {isa = PBXFileReference; lastKnownFileType = "wrapper.plug-in"; path = HMScanner.bundle; sourceTree = "<group>"; };
		29E877051EB0478500F0E55F /* HMScanner.h */ = {isa = PBXFileReference; fileEncoding = 4; lastKnownFileType = sourcecode.c.h; path = HMScanner.h; sourceTree = "<group>"; };
		29E877061EB0478500F0E55F /* HMScanner.m */ = {isa = PBXFileReference; fileEncoding = 4; lastKnownFileType = sourcecode.c.objc; path = HMScanner.m; sourceTree = "<group>"; };
		29E877071EB0478500F0E55F /* HMScannerBorder.h */ = {isa = PBXFileReference; fileEncoding = 4; lastKnownFileType = sourcecode.c.h; path = HMScannerBorder.h; sourceTree = "<group>"; };
		29E877081EB0478500F0E55F /* HMScannerBorder.m */ = {isa = PBXFileReference; fileEncoding = 4; lastKnownFileType = sourcecode.c.objc; path = HMScannerBorder.m; sourceTree = "<group>"; };
		29E877091EB0478500F0E55F /* HMScannerController.h */ = {isa = PBXFileReference; fileEncoding = 4; lastKnownFileType = sourcecode.c.h; path = HMScannerController.h; sourceTree = "<group>"; };
		29E8770A1EB0478500F0E55F /* HMScannerController.m */ = {isa = PBXFileReference; fileEncoding = 4; lastKnownFileType = sourcecode.c.objc; path = HMScannerController.m; sourceTree = "<group>"; };
		29E8770B1EB0478500F0E55F /* HMScannerMaskView.h */ = {isa = PBXFileReference; fileEncoding = 4; lastKnownFileType = sourcecode.c.h; path = HMScannerMaskView.h; sourceTree = "<group>"; };
		29E8770C1EB0478500F0E55F /* HMScannerMaskView.m */ = {isa = PBXFileReference; fileEncoding = 4; lastKnownFileType = sourcecode.c.objc; path = HMScannerMaskView.m; sourceTree = "<group>"; };
		29E8770D1EB0478500F0E55F /* HMScannerViewController.h */ = {isa = PBXFileReference; fileEncoding = 4; lastKnownFileType = sourcecode.c.h; path = HMScannerViewController.h; sourceTree = "<group>"; };
		29E8770E1EB0478500F0E55F /* HMScannerViewController.m */ = {isa = PBXFileReference; fileEncoding = 4; lastKnownFileType = sourcecode.c.objc; path = HMScannerViewController.m; sourceTree = "<group>"; };
		29E877161EB047AA00F0E55F /* CellMeAction.h */ = {isa = PBXFileReference; fileEncoding = 4; lastKnownFileType = sourcecode.c.h; path = CellMeAction.h; sourceTree = "<group>"; };
		29E877171EB047AA00F0E55F /* CellMeAction.m */ = {isa = PBXFileReference; fileEncoding = 4; lastKnownFileType = sourcecode.c.objc; path = CellMeAction.m; sourceTree = "<group>"; };
		29E877181EB047AA00F0E55F /* CellSetting.h */ = {isa = PBXFileReference; fileEncoding = 4; lastKnownFileType = sourcecode.c.h; path = CellSetting.h; sourceTree = "<group>"; };
		29E877191EB047AA00F0E55F /* CellSetting.m */ = {isa = PBXFileReference; fileEncoding = 4; lastKnownFileType = sourcecode.c.objc; path = CellSetting.m; sourceTree = "<group>"; };
		29E8771A1EB047AA00F0E55F /* CellUserImg.h */ = {isa = PBXFileReference; fileEncoding = 4; lastKnownFileType = sourcecode.c.h; path = CellUserImg.h; sourceTree = "<group>"; };
		29E8771B1EB047AA00F0E55F /* CellUserImg.m */ = {isa = PBXFileReference; fileEncoding = 4; lastKnownFileType = sourcecode.c.objc; path = CellUserImg.m; sourceTree = "<group>"; };
		29E8771F1EB047DA00F0E55F /* VCSetting.h */ = {isa = PBXFileReference; fileEncoding = 4; lastKnownFileType = sourcecode.c.h; path = VCSetting.h; sourceTree = "<group>"; };
		29E877201EB047DA00F0E55F /* VCSetting.m */ = {isa = PBXFileReference; fileEncoding = 4; lastKnownFileType = sourcecode.c.objc; path = VCSetting.m; sourceTree = "<group>"; };
		29E877211EB047DA00F0E55F /* VCQr.h */ = {isa = PBXFileReference; fileEncoding = 4; lastKnownFileType = sourcecode.c.h; path = VCQr.h; sourceTree = "<group>"; };
		29E877221EB047DA00F0E55F /* VCQr.m */ = {isa = PBXFileReference; fileEncoding = 4; lastKnownFileType = sourcecode.c.objc; path = VCQr.m; sourceTree = "<group>"; };
		29E877231EB047DA00F0E55F /* VCPhoto.h */ = {isa = PBXFileReference; fileEncoding = 4; lastKnownFileType = sourcecode.c.h; path = VCPhoto.h; sourceTree = "<group>"; };
		29E877241EB047DA00F0E55F /* VCPhoto.m */ = {isa = PBXFileReference; fileEncoding = 4; lastKnownFileType = sourcecode.c.objc; path = VCPhoto.m; sourceTree = "<group>"; };
		29E877281EB048C700F0E55F /* ActionSheet.h */ = {isa = PBXFileReference; fileEncoding = 4; lastKnownFileType = sourcecode.c.h; path = ActionSheet.h; sourceTree = "<group>"; };
		29E877291EB048C700F0E55F /* ActionSheet.m */ = {isa = PBXFileReference; fileEncoding = 4; lastKnownFileType = sourcecode.c.objc; path = ActionSheet.m; sourceTree = "<group>"; };
		29E8772B1EB0494B00F0E55F /* Toast.h */ = {isa = PBXFileReference; fileEncoding = 4; lastKnownFileType = sourcecode.c.h; path = Toast.h; sourceTree = "<group>"; };
		29E8772C1EB0494B00F0E55F /* Toast.m */ = {isa = PBXFileReference; fileEncoding = 4; lastKnownFileType = sourcecode.c.objc; path = Toast.m; sourceTree = "<group>"; };
		29E877311EB04B6100F0E55F /* MessageCell.h */ = {isa = PBXFileReference; fileEncoding = 4; lastKnownFileType = sourcecode.c.h; path = MessageCell.h; sourceTree = "<group>"; };
		29E877321EB04B6100F0E55F /* MessageCell.m */ = {isa = PBXFileReference; fileEncoding = 4; lastKnownFileType = sourcecode.c.objc; path = MessageCell.m; sourceTree = "<group>"; };
		29E877341EB04D6900F0E55F /* VCNewFriend.h */ = {isa = PBXFileReference; fileEncoding = 4; lastKnownFileType = sourcecode.c.h; path = VCNewFriend.h; sourceTree = "<group>"; };
		29E877351EB04D6900F0E55F /* VCNewFriend.m */ = {isa = PBXFileReference; fileEncoding = 4; lastKnownFileType = sourcecode.c.objc; path = VCNewFriend.m; sourceTree = "<group>"; };
		29E877371EB04DE700F0E55F /* NewFriendCell.h */ = {isa = PBXFileReference; fileEncoding = 4; lastKnownFileType = sourcecode.c.h; path = NewFriendCell.h; sourceTree = "<group>"; };
		29E877381EB04DE700F0E55F /* NewFriendCell.m */ = {isa = PBXFileReference; fileEncoding = 4; lastKnownFileType = sourcecode.c.objc; path = NewFriendCell.m; sourceTree = "<group>"; };
		29E8773A1EB0547600F0E55F /* VCGroupList.h */ = {isa = PBXFileReference; fileEncoding = 4; lastKnownFileType = sourcecode.c.h; path = VCGroupList.h; sourceTree = "<group>"; };
		29E8773B1EB0547600F0E55F /* VCGroupList.m */ = {isa = PBXFileReference; fileEncoding = 4; lastKnownFileType = sourcecode.c.objc; path = VCGroupList.m; sourceTree = "<group>"; };
		29E8773D1EB0570900F0E55F /* GroupListCell.h */ = {isa = PBXFileReference; fileEncoding = 4; lastKnownFileType = sourcecode.c.h; path = GroupListCell.h; sourceTree = "<group>"; };
		29E8773E1EB0570900F0E55F /* GroupListCell.m */ = {isa = PBXFileReference; fileEncoding = 4; lastKnownFileType = sourcecode.c.objc; path = GroupListCell.m; sourceTree = "<group>"; };
		29E877441EB0683600F0E55F /* VCChat.h */ = {isa = PBXFileReference; fileEncoding = 4; lastKnownFileType = sourcecode.c.h; path = VCChat.h; sourceTree = "<group>"; };
		29E877451EB0683600F0E55F /* VCChat.m */ = {isa = PBXFileReference; fileEncoding = 4; lastKnownFileType = sourcecode.c.objc; path = VCChat.m; sourceTree = "<group>"; };
		29E877471EB068B600F0E55F /* ChatCell.h */ = {isa = PBXFileReference; fileEncoding = 4; lastKnownFileType = sourcecode.c.h; path = ChatCell.h; sourceTree = "<group>"; };
		29E877481EB068B600F0E55F /* ChatCell.m */ = {isa = PBXFileReference; fileEncoding = 4; lastKnownFileType = sourcecode.c.objc; path = ChatCell.m; sourceTree = "<group>"; };
		29E8774A1EB072E300F0E55F /* InputTextBar.h */ = {isa = PBXFileReference; fileEncoding = 4; lastKnownFileType = sourcecode.c.h; path = InputTextBar.h; sourceTree = "<group>"; };
		29E8774B1EB072E300F0E55F /* InputTextBar.m */ = {isa = PBXFileReference; fileEncoding = 4; lastKnownFileType = sourcecode.c.objc; path = InputTextBar.m; sourceTree = "<group>"; };
		29E8774D1EB07D8400F0E55F /* FaceView.h */ = {isa = PBXFileReference; fileEncoding = 4; lastKnownFileType = sourcecode.c.h; path = FaceView.h; sourceTree = "<group>"; };
		29E8774E1EB07D8400F0E55F /* FaceView.m */ = {isa = PBXFileReference; fileEncoding = 4; lastKnownFileType = sourcecode.c.objc; path = FaceView.m; sourceTree = "<group>"; };
		29E877501EB0858A00F0E55F /* FunctionView.h */ = {isa = PBXFileReference; fileEncoding = 4; lastKnownFileType = sourcecode.c.h; path = FunctionView.h; sourceTree = "<group>"; };
		29E877511EB0858A00F0E55F /* FunctionView.m */ = {isa = PBXFileReference; fileEncoding = 4; lastKnownFileType = sourcecode.c.objc; path = FunctionView.m; sourceTree = "<group>"; };
		29E877531EB0AB5E00F0E55F /* FuncButton.h */ = {isa = PBXFileReference; fileEncoding = 4; lastKnownFileType = sourcecode.c.h; path = FuncButton.h; sourceTree = "<group>"; };
		29E877541EB0AB5E00F0E55F /* FuncButton.m */ = {isa = PBXFileReference; fileEncoding = 4; lastKnownFileType = sourcecode.c.objc; path = FuncButton.m; sourceTree = "<group>"; };
		29E877561EB2E5E700F0E55F /* VCMap.h */ = {isa = PBXFileReference; fileEncoding = 4; lastKnownFileType = sourcecode.c.h; path = VCMap.h; sourceTree = "<group>"; };
		29E877571EB2E5E700F0E55F /* VCMap.m */ = {isa = PBXFileReference; fileEncoding = 4; lastKnownFileType = sourcecode.c.objc; path = VCMap.m; sourceTree = "<group>"; };
		29E877591EB2E84800F0E55F /* MapInfo.h */ = {isa = PBXFileReference; fileEncoding = 4; lastKnownFileType = sourcecode.c.h; path = MapInfo.h; sourceTree = "<group>"; };
		29E8775A1EB2E84800F0E55F /* MapInfo.m */ = {isa = PBXFileReference; fileEncoding = 4; lastKnownFileType = sourcecode.c.objc; path = MapInfo.m; sourceTree = "<group>"; };
		29E8775C1EB2E89100F0E55F /* ReGeocodeAnnotation.h */ = {isa = PBXFileReference; fileEncoding = 4; lastKnownFileType = sourcecode.c.h; path = ReGeocodeAnnotation.h; sourceTree = "<group>"; };
		29E8775D1EB2E89100F0E55F /* ReGeocodeAnnotation.m */ = {isa = PBXFileReference; fileEncoding = 4; lastKnownFileType = sourcecode.c.objc; path = ReGeocodeAnnotation.m; sourceTree = "<group>"; };
		29E8775E1EB2E89100F0E55F /* MANaviAnnotationView.h */ = {isa = PBXFileReference; fileEncoding = 4; lastKnownFileType = sourcecode.c.h; path = MANaviAnnotationView.h; sourceTree = "<group>"; };
		29E8775F1EB2E89100F0E55F /* MANaviAnnotationView.m */ = {isa = PBXFileReference; fileEncoding = 4; lastKnownFileType = sourcecode.c.objc; path = MANaviAnnotationView.m; sourceTree = "<group>"; };
		29E8776E1EB2E94600F0E55F /* AMapFoundationKit.framework */ = {isa = PBXFileReference; lastKnownFileType = wrapper.framework; path = AMapFoundationKit.framework; sourceTree = "<group>"; };
		29E8776F1EB2E94600F0E55F /* AMapLocationKit.framework */ = {isa = PBXFileReference; lastKnownFileType = wrapper.framework; path = AMapLocationKit.framework; sourceTree = "<group>"; };
		29E877701EB2E94600F0E55F /* AMapSearchKit.framework */ = {isa = PBXFileReference; lastKnownFileType = wrapper.framework; path = AMapSearchKit.framework; sourceTree = "<group>"; };
		29E877741EB2EBD700F0E55F /* OpenGLES.framework */ = {isa = PBXFileReference; lastKnownFileType = wrapper.framework; name = OpenGLES.framework; path = System/Library/Frameworks/OpenGLES.framework; sourceTree = SDKROOT; };
		29E877761EB2EC0D00F0E55F /* libstdc++.6.0.9.tbd */ = {isa = PBXFileReference; lastKnownFileType = "sourcecode.text-based-dylib-definition"; name = "libstdc++.6.0.9.tbd"; path = "usr/lib/libstdc++.6.0.9.tbd"; sourceTree = SDKROOT; };
		29E877781EB2EC1900F0E55F /* libc++.tbd */ = {isa = PBXFileReference; lastKnownFileType = "sourcecode.text-based-dylib-definition"; name = "libc++.tbd"; path = "usr/lib/libc++.tbd"; sourceTree = SDKROOT; };
		29E8777A1EB2EC3A00F0E55F /* AdSupport.framework */ = {isa = PBXFileReference; lastKnownFileType = wrapper.framework; name = AdSupport.framework; path = System/Library/Frameworks/AdSupport.framework; sourceTree = SDKROOT; };
		29E8777C1EB2EC7B00F0E55F /* MAMapKit.framework */ = {isa = PBXFileReference; lastKnownFileType = wrapper.framework; path = MAMapKit.framework; sourceTree = "<group>"; };
		29E877811EB2F40800F0E55F /* UIView+Screenshot.h */ = {isa = PBXFileReference; fileEncoding = 4; lastKnownFileType = sourcecode.c.h; path = "UIView+Screenshot.h"; sourceTree = "<group>"; };
		29E877821EB2F40800F0E55F /* UIView+Screenshot.m */ = {isa = PBXFileReference; fileEncoding = 4; lastKnownFileType = sourcecode.c.objc; path = "UIView+Screenshot.m"; sourceTree = "<group>"; };
		29E877841EB3113900F0E55F /* VCMapShow.h */ = {isa = PBXFileReference; fileEncoding = 4; lastKnownFileType = sourcecode.c.h; path = VCMapShow.h; sourceTree = "<group>"; };
		29E877851EB3113900F0E55F /* VCMapShow.m */ = {isa = PBXFileReference; fileEncoding = 4; lastKnownFileType = sourcecode.c.objc; path = VCMapShow.m; sourceTree = "<group>"; };
		3386A410A0F1F61676F411A3 /* Pods-WeiIM.release.xcconfig */ = {isa = PBXFileReference; includeInIndex = 1; lastKnownFileType = text.xcconfig; name = "Pods-WeiIM.release.xcconfig"; path = "Pods/Target Support Files/Pods-WeiIM/Pods-WeiIM.release.xcconfig"; sourceTree = "<group>"; };
		9C1A6599DE04680CCC70192E /* Pods-WeiIM.debug.xcconfig */ = {isa = PBXFileReference; includeInIndex = 1; lastKnownFileType = text.xcconfig; name = "Pods-WeiIM.debug.xcconfig"; path = "Pods/Target Support Files/Pods-WeiIM/Pods-WeiIM.debug.xcconfig"; sourceTree = "<group>"; };
		FEA024DF9AD0F34FBAD8357A /* Pods_WeiIM.framework */ = {isa = PBXFileReference; explicitFileType = wrapper.framework; includeInIndex = 0; path = Pods_WeiIM.framework; sourceTree = BUILT_PRODUCTS_DIR; };
/* End PBXFileReference section */

/* Begin PBXFrameworksBuildPhase section */
		29E876731EAF4A2F00F0E55F /* Frameworks */ = {
			isa = PBXFrameworksBuildPhase;
			buildActionMask = 2147483647;
			files = (
				29E8777D1EB2EC7B00F0E55F /* MAMapKit.framework in Frameworks */,
				29E8777B1EB2EC3A00F0E55F /* AdSupport.framework in Frameworks */,
				29E877791EB2EC1900F0E55F /* libc++.tbd in Frameworks */,
				29E877771EB2EC0D00F0E55F /* libstdc++.6.0.9.tbd in Frameworks */,
				29E877751EB2EBD700F0E55F /* OpenGLES.framework in Frameworks */,
				29E877711EB2E94600F0E55F /* AMapFoundationKit.framework in Frameworks */,
				29E877721EB2E94600F0E55F /* AMapLocationKit.framework in Frameworks */,
				29E877731EB2E94600F0E55F /* AMapSearchKit.framework in Frameworks */,
				29E876D01EAF50BF00F0E55F /* GLKit.framework in Frameworks */,
				29E876CE1EAF50B900F0E55F /* VideoToolbox.framework in Frameworks */,
				29E876CC1EAF50B300F0E55F /* CoreTelephony.framework in Frameworks */,
				29E876C81EAF50A400F0E55F /* JavaScriptCore.framework in Frameworks */,
				29E876C61EAF509E00F0E55F /* MessageUI.framework in Frameworks */,
				29E876C41EAF509800F0E55F /* libicucore.tbd in Frameworks */,
				29E876C21EAF509000F0E55F /* libz.tbd in Frameworks */,
				29E876C01EAF508A00F0E55F /* libresolv.tbd in Frameworks */,
				29E876BE1EAF508300F0E55F /* CoreData.framework in Frameworks */,
				29E876BC1EAF507900F0E55F /* SystemConfiguration.framework in Frameworks */,
				29E876BA1EAF503B00F0E55F /* CFNetwork.framework in Frameworks */,
				29E876B81EAF503300F0E55F /* libxml2.tbd in Frameworks */,
				29E876B61EAF502C00F0E55F /* CoreGraphics.framework in Frameworks */,
				29E876B41EAF502700F0E55F /* CoreLocation.framework in Frameworks */,
				29E876B21EAF501900F0E55F /* Security.framework in Frameworks */,
				2ACE972838EBAFB836DAC752 /* Pods_WeiIM.framework in Frameworks */,
			);
			runOnlyForDeploymentPostprocessing = 0;
		};
/* End PBXFrameworksBuildPhase section */

/* Begin PBXGroup section */
		1CBB8A871EAF820B000C3ABF /* Class */ = {
			isa = PBXGroup;
			children = (
				1CBB8A881EAF820B000C3ABF /* Base */,
				1CBB8AA71EAF820B000C3ABF /* System */,
				29E877401EB0681000F0E55F /* Chat */,
				1CBB8A8F1EAF820B000C3ABF /* Discover */,
				1CBB8A951EAF820B000C3ABF /* Friend */,
				1CBB8A9B1EAF820B000C3ABF /* Message */,
				1CBB8AA11EAF820B000C3ABF /* Mine */,
				1CBB8AB11EAF820B000C3ABF /* Tools */,
				29E877001EB0477200F0E55F /* Lib */,
			);
			path = Class;
			sourceTree = "<group>";
		};
		1CBB8A881EAF820B000C3ABF /* Base */ = {
			isa = PBXGroup;
			children = (
				29E877281EB048C700F0E55F /* ActionSheet.h */,
				29E877291EB048C700F0E55F /* ActionSheet.m */,
				1CBB8A891EAF820B000C3ABF /* VCBase.h */,
				1CBB8A8A1EAF820B000C3ABF /* VCBase.m */,
				1CBB8A8B1EAF820B000C3ABF /* VCMain.h */,
				1CBB8A8C1EAF820B000C3ABF /* VCMain.m */,
				1CBB8A8D1EAF820B000C3ABF /* VCNavBase.h */,
				1CBB8A8E1EAF820B000C3ABF /* VCNavBase.m */,
			);
			path = Base;
			sourceTree = "<group>";
		};
		1CBB8A8F1EAF820B000C3ABF /* Discover */ = {
			isa = PBXGroup;
			children = (
				1CBB8A931EAF820B000C3ABF /* Model */,
				1CBB8A941EAF820B000C3ABF /* View */,
				1CBB8A901EAF820B000C3ABF /* Controller */,
			);
			path = Discover;
			sourceTree = "<group>";
		};
		1CBB8A901EAF820B000C3ABF /* Controller */ = {
			isa = PBXGroup;
			children = (
				1CBB8A911EAF820B000C3ABF /* VCDiscover.h */,
				1CBB8A921EAF820B000C3ABF /* VCDiscover.m */,
			);
			path = Controller;
			sourceTree = "<group>";
		};
		1CBB8A931EAF820B000C3ABF /* Model */ = {
			isa = PBXGroup;
			children = (
			);
			path = Model;
			sourceTree = "<group>";
		};
		1CBB8A941EAF820B000C3ABF /* View */ = {
			isa = PBXGroup;
			children = (
			);
			path = View;
			sourceTree = "<group>";
		};
		1CBB8A951EAF820B000C3ABF /* Friend */ = {
			isa = PBXGroup;
			children = (
				1CBB8A991EAF820B000C3ABF /* Model */,
				1CBB8A9A1EAF820B000C3ABF /* View */,
				1CBB8A961EAF820B000C3ABF /* Controller */,
			);
			path = Friend;
			sourceTree = "<group>";
		};
		1CBB8A961EAF820B000C3ABF /* Controller */ = {
			isa = PBXGroup;
			children = (
				1CBB8A971EAF820B000C3ABF /* VCFriend.h */,
				1CBB8A981EAF820B000C3ABF /* VCFriend.m */,
				29E876FD1EB0464D00F0E55F /* VCAddFriend.h */,
				29E876FE1EB0464D00F0E55F /* VCAddFriend.m */,
				29E877341EB04D6900F0E55F /* VCNewFriend.h */,
				29E877351EB04D6900F0E55F /* VCNewFriend.m */,
				29E8773A1EB0547600F0E55F /* VCGroupList.h */,
				29E8773B1EB0547600F0E55F /* VCGroupList.m */,
			);
			path = Controller;
			sourceTree = "<group>";
		};
		1CBB8A991EAF820B000C3ABF /* Model */ = {
			isa = PBXGroup;
			children = (
			);
			path = Model;
			sourceTree = "<group>";
		};
		1CBB8A9A1EAF820B000C3ABF /* View */ = {
			isa = PBXGroup;
			children = (
				1CBB8ACA1EAF82B8000C3ABF /* FriendCell.h */,
				1CBB8ACB1EAF82B8000C3ABF /* FriendCell.m */,
				29E877371EB04DE700F0E55F /* NewFriendCell.h */,
				29E877381EB04DE700F0E55F /* NewFriendCell.m */,
				29E8773D1EB0570900F0E55F /* GroupListCell.h */,
				29E8773E1EB0570900F0E55F /* GroupListCell.m */,
			);
			path = View;
			sourceTree = "<group>";
		};
		1CBB8A9B1EAF820B000C3ABF /* Message */ = {
			isa = PBXGroup;
			children = (
				1CBB8A9F1EAF820B000C3ABF /* Model */,
				1CBB8AA01EAF820B000C3ABF /* View */,
				1CBB8A9C1EAF820B000C3ABF /* Controller */,
			);
			path = Message;
			sourceTree = "<group>";
		};
		1CBB8A9C1EAF820B000C3ABF /* Controller */ = {
			isa = PBXGroup;
			children = (
				1CBB8A9D1EAF820B000C3ABF /* VCMessage.h */,
				1CBB8A9E1EAF820B000C3ABF /* VCMessage.m */,
			);
			path = Controller;
			sourceTree = "<group>";
		};
		1CBB8A9F1EAF820B000C3ABF /* Model */ = {
			isa = PBXGroup;
			children = (
			);
			path = Model;
			sourceTree = "<group>";
		};
		1CBB8AA01EAF820B000C3ABF /* View */ = {
			isa = PBXGroup;
			children = (
				29E877311EB04B6100F0E55F /* MessageCell.h */,
				29E877321EB04B6100F0E55F /* MessageCell.m */,
			);
			path = View;
			sourceTree = "<group>";
		};
		1CBB8AA11EAF820B000C3ABF /* Mine */ = {
			isa = PBXGroup;
			children = (
				1CBB8AA51EAF820B000C3ABF /* Model */,
				1CBB8AA61EAF820B000C3ABF /* View */,
				1CBB8AA21EAF820B000C3ABF /* Controller */,
			);
			path = Mine;
			sourceTree = "<group>";
		};
		1CBB8AA21EAF820B000C3ABF /* Controller */ = {
			isa = PBXGroup;
			children = (
				1CBB8AA31EAF820B000C3ABF /* VCMine.h */,
				1CBB8AA41EAF820B000C3ABF /* VCMine.m */,
				29E8771F1EB047DA00F0E55F /* VCSetting.h */,
				29E877201EB047DA00F0E55F /* VCSetting.m */,
				29E877211EB047DA00F0E55F /* VCQr.h */,
				29E877221EB047DA00F0E55F /* VCQr.m */,
				29E877231EB047DA00F0E55F /* VCPhoto.h */,
				29E877241EB047DA00F0E55F /* VCPhoto.m */,
			);
			path = Controller;
			sourceTree = "<group>";
		};
		1CBB8AA51EAF820B000C3ABF /* Model */ = {
			isa = PBXGroup;
			children = (
			);
			path = Model;
			sourceTree = "<group>";
		};
		1CBB8AA61EAF820B000C3ABF /* View */ = {
			isa = PBXGroup;
			children = (
				29E877161EB047AA00F0E55F /* CellMeAction.h */,
				29E877171EB047AA00F0E55F /* CellMeAction.m */,
				29E877181EB047AA00F0E55F /* CellSetting.h */,
				29E877191EB047AA00F0E55F /* CellSetting.m */,
				29E8771A1EB047AA00F0E55F /* CellUserImg.h */,
				29E8771B1EB047AA00F0E55F /* CellUserImg.m */,
			);
			path = View;
			sourceTree = "<group>";
		};
		1CBB8AA71EAF820B000C3ABF /* System */ = {
			isa = PBXGroup;
			children = (
				1CBB8AAF1EAF820B000C3ABF /* Model */,
				1CBB8AB01EAF820B000C3ABF /* View */,
				1CBB8AA81EAF820B000C3ABF /* Controller */,
			);
			path = System;
			sourceTree = "<group>";
		};
		1CBB8AA81EAF820B000C3ABF /* Controller */ = {
			isa = PBXGroup;
			children = (
				1CBB8AA91EAF820B000C3ABF /* VCLogin.h */,
				1CBB8AAA1EAF820B000C3ABF /* VCLogin.m */,
				1CBB8AAB1EAF820B000C3ABF /* VCRegFinish.h */,
				1CBB8AAC1EAF820B000C3ABF /* VCRegFinish.m */,
				1CBB8AAD1EAF820B000C3ABF /* VCRegister.h */,
				1CBB8AAE1EAF820B000C3ABF /* VCRegister.m */,
			);
			path = Controller;
			sourceTree = "<group>";
		};
		1CBB8AAF1EAF820B000C3ABF /* Model */ = {
			isa = PBXGroup;
			children = (
			);
			path = Model;
			sourceTree = "<group>";
		};
		1CBB8AB01EAF820B000C3ABF /* View */ = {
			isa = PBXGroup;
			children = (
			);
			path = View;
			sourceTree = "<group>";
		};
		1CBB8AB11EAF820B000C3ABF /* Tools */ = {
			isa = PBXGroup;
			children = (
				1CBB8AB21EAF820B000C3ABF /* Category */,
				1CBB8AB71EAF820B000C3ABF /* Const */,
				1CBB8AB91EAF820B000C3ABF /* Network */,
			);
			path = Tools;
			sourceTree = "<group>";
		};
		1CBB8AB21EAF820B000C3ABF /* Category */ = {
			isa = PBXGroup;
			children = (
				29E8772B1EB0494B00F0E55F /* Toast.h */,
				29E8772C1EB0494B00F0E55F /* Toast.m */,
				1CBB8AB31EAF820B000C3ABF /* UIImageView+SDWebImage.h */,
				1CBB8AB41EAF820B000C3ABF /* UIImageView+SDWebImage.m */,
				1CBB8AB51EAF820B000C3ABF /* UIView+Frame.h */,
				1CBB8AB61EAF820B000C3ABF /* UIView+Frame.m */,
				29E877811EB2F40800F0E55F /* UIView+Screenshot.h */,
				29E877821EB2F40800F0E55F /* UIView+Screenshot.m */,
			);
			path = Category;
			sourceTree = "<group>";
		};
		1CBB8AB71EAF820B000C3ABF /* Const */ = {
			isa = PBXGroup;
			children = (
				1CBB8AB81EAF820B000C3ABF /* Global.h */,
			);
			path = Const;
			sourceTree = "<group>";
		};
		1CBB8AB91EAF820B000C3ABF /* Network */ = {
			isa = PBXGroup;
			children = (
				1CBB8ABA1EAF820B000C3ABF /* XmppCenter.h */,
				1CBB8ABB1EAF820B000C3ABF /* XmppCenter.m */,
				1CBB8ABC1EAF820B000C3ABF /* XMPPConfig.h */,
			);
			path = Network;
			sourceTree = "<group>";
		};
		29E8766D1EAF4A2F00F0E55F = {
			isa = PBXGroup;
			children = (
				29E876781EAF4A2F00F0E55F /* WeiIM */,
				29E876771EAF4A2F00F0E55F /* Products */,
				601F50CC562692F86FAF5A87 /* Pods */,
				BC5B6BFEAD05E378A75196D5 /* Frameworks */,
			);
			sourceTree = "<group>";
		};
		29E876771EAF4A2F00F0E55F /* Products */ = {
			isa = PBXGroup;
			children = (
				29E876761EAF4A2F00F0E55F /* WeiIM.app */,
			);
			name = Products;
			sourceTree = "<group>";
		};
		29E876781EAF4A2F00F0E55F /* WeiIM */ = {
			isa = PBXGroup;
			children = (
				1CBB8A871EAF820B000C3ABF /* Class */,
				29E876791EAF4A2F00F0E55F /* Supporting Files */,
			);
			path = WeiIM;
			sourceTree = "<group>";
		};
		29E876791EAF4A2F00F0E55F /* Supporting Files */ = {
			isa = PBXGroup;
			children = (
				29E8767C1EAF4A2F00F0E55F /* AppDelegate.h */,
				29E8767D1EAF4A2F00F0E55F /* AppDelegate.m */,
				29E8767F1EAF4A2F00F0E55F /* ViewController.h */,
				29E876801EAF4A2F00F0E55F /* ViewController.m */,
				29E876821EAF4A2F00F0E55F /* Main.storyboard */,
				29E876851EAF4A2F00F0E55F /* Assets.xcassets */,
				29E876871EAF4A2F00F0E55F /* LaunchScreen.storyboard */,
				29E8768A1EAF4A2F00F0E55F /* Info.plist */,
				29E8767A1EAF4A2F00F0E55F /* main.m */,
				29E876B01EAF4D2700F0E55F /* PrefixHeader.pch */,
			);
			name = "Supporting Files";
			sourceTree = "<group>";
		};
		29E877001EB0477200F0E55F /* Lib */ = {
			isa = PBXGroup;
			children = (
				29E877011EB0478500F0E55F /* QRCode */,
			);
			path = Lib;
			sourceTree = "<group>";
		};
		29E877011EB0478500F0E55F /* QRCode */ = {
			isa = PBXGroup;
			children = (
				29E877021EB0478500F0E55F /* HMScanerCardViewController.h */,
				29E877031EB0478500F0E55F /* HMScanerCardViewController.m */,
				29E877041EB0478500F0E55F /* HMScanner.bundle */,
				29E877051EB0478500F0E55F /* HMScanner.h */,
				29E877061EB0478500F0E55F /* HMScanner.m */,
				29E877071EB0478500F0E55F /* HMScannerBorder.h */,
				29E877081EB0478500F0E55F /* HMScannerBorder.m */,
				29E877091EB0478500F0E55F /* HMScannerController.h */,
				29E8770A1EB0478500F0E55F /* HMScannerController.m */,
				29E8770B1EB0478500F0E55F /* HMScannerMaskView.h */,
				29E8770C1EB0478500F0E55F /* HMScannerMaskView.m */,
				29E8770D1EB0478500F0E55F /* HMScannerViewController.h */,
				29E8770E1EB0478500F0E55F /* HMScannerViewController.m */,
			);
			name = QRCode;
			path = ../QRCode;
			sourceTree = "<group>";
		};
		29E877401EB0681000F0E55F /* Chat */ = {
			isa = PBXGroup;
			children = (
				29E877421EB0681000F0E55F /* Model */,
				29E877431EB0681000F0E55F /* View */,
				29E877411EB0681000F0E55F /* Controller */,
			);
			path = Chat;
			sourceTree = "<group>";
		};
		29E877411EB0681000F0E55F /* Controller */ = {
			isa = PBXGroup;
			children = (
				29E877441EB0683600F0E55F /* VCChat.h */,
				29E877451EB0683600F0E55F /* VCChat.m */,
				29E877561EB2E5E700F0E55F /* VCMap.h */,
				29E877571EB2E5E700F0E55F /* VCMap.m */,
				29E877841EB3113900F0E55F /* VCMapShow.h */,
				29E877851EB3113900F0E55F /* VCMapShow.m */,
			);
			path = Controller;
			sourceTree = "<group>";
		};
		29E877421EB0681000F0E55F /* Model */ = {
			isa = PBXGroup;
			children = (
				29E877591EB2E84800F0E55F /* MapInfo.h */,
				29E8775A1EB2E84800F0E55F /* MapInfo.m */,
			);
			path = Model;
			sourceTree = "<group>";
		};
		29E877431EB0681000F0E55F /* View */ = {
			isa = PBXGroup;
			children = (
				29E8775C1EB2E89100F0E55F /* ReGeocodeAnnotation.h */,
				29E8775D1EB2E89100F0E55F /* ReGeocodeAnnotation.m */,
				29E8775E1EB2E89100F0E55F /* MANaviAnnotationView.h */,
				29E8775F1EB2E89100F0E55F /* MANaviAnnotationView.m */,
				29E877471EB068B600F0E55F /* ChatCell.h */,
				29E877481EB068B600F0E55F /* ChatCell.m */,
				29E8774A1EB072E300F0E55F /* InputTextBar.h */,
				29E8774B1EB072E300F0E55F /* InputTextBar.m */,
				29E8774D1EB07D8400F0E55F /* FaceView.h */,
				29E8774E1EB07D8400F0E55F /* FaceView.m */,
				29E877501EB0858A00F0E55F /* FunctionView.h */,
				29E877511EB0858A00F0E55F /* FunctionView.m */,
				29E877531EB0AB5E00F0E55F /* FuncButton.h */,
				29E877541EB0AB5E00F0E55F /* FuncButton.m */,
			);
			path = View;
			sourceTree = "<group>";
		};
		601F50CC562692F86FAF5A87 /* Pods */ = {
			isa = PBXGroup;
			children = (
				9C1A6599DE04680CCC70192E /* Pods-WeiIM.debug.xcconfig */,
				3386A410A0F1F61676F411A3 /* Pods-WeiIM.release.xcconfig */,
			);
			name = Pods;
			sourceTree = "<group>";
		};
		BC5B6BFEAD05E378A75196D5 /* Frameworks */ = {
			isa = PBXGroup;
			children = (
				29E8777C1EB2EC7B00F0E55F /* MAMapKit.framework */,
				29E8777A1EB2EC3A00F0E55F /* AdSupport.framework */,
				29E877781EB2EC1900F0E55F /* libc++.tbd */,
				29E877761EB2EC0D00F0E55F /* libstdc++.6.0.9.tbd */,
				29E877741EB2EBD700F0E55F /* OpenGLES.framework */,
				29E8776E1EB2E94600F0E55F /* AMapFoundationKit.framework */,
				29E8776F1EB2E94600F0E55F /* AMapLocationKit.framework */,
				29E877701EB2E94600F0E55F /* AMapSearchKit.framework */,
				29E876CF1EAF50BF00F0E55F /* GLKit.framework */,
				29E876CD1EAF50B900F0E55F /* VideoToolbox.framework */,
				29E876CB1EAF50B300F0E55F /* CoreTelephony.framework */,
				29E876C91EAF50AC00F0E55F /* libstdc++.tbd */,
				29E876C71EAF50A400F0E55F /* JavaScriptCore.framework */,
				29E876C51EAF509E00F0E55F /* MessageUI.framework */,
				29E876C31EAF509800F0E55F /* libicucore.tbd */,
				29E876C11EAF509000F0E55F /* libz.tbd */,
				29E876BF1EAF508A00F0E55F /* libresolv.tbd */,
				29E876BD1EAF508300F0E55F /* CoreData.framework */,
				29E876BB1EAF507900F0E55F /* SystemConfiguration.framework */,
				29E876B91EAF503B00F0E55F /* CFNetwork.framework */,
				29E876B71EAF503300F0E55F /* libxml2.tbd */,
				29E876B51EAF502C00F0E55F /* CoreGraphics.framework */,
				29E876B31EAF502700F0E55F /* CoreLocation.framework */,
				29E876B11EAF501900F0E55F /* Security.framework */,
				FEA024DF9AD0F34FBAD8357A /* Pods_WeiIM.framework */,
			);
			name = Frameworks;
			sourceTree = "<group>";
		};
/* End PBXGroup section */

/* Begin PBXNativeTarget section */
		29E876751EAF4A2F00F0E55F /* WeiIM */ = {
			isa = PBXNativeTarget;
			buildConfigurationList = 29E8768D1EAF4A2F00F0E55F /* Build configuration list for PBXNativeTarget "WeiIM" */;
			buildPhases = (
				3E7DEAD8736C959700E0A01D /* [CP] Check Pods Manifest.lock */,
				29E876721EAF4A2F00F0E55F /* Sources */,
				29E876731EAF4A2F00F0E55F /* Frameworks */,
				29E876741EAF4A2F00F0E55F /* Resources */,
				04890ACC28EE0DFBA40AF538 /* [CP] Embed Pods Frameworks */,
				3BBF8F2AF2EC56C30EE517E4 /* [CP] Copy Pods Resources */,
			);
			buildRules = (
			);
			dependencies = (
			);
			name = WeiIM;
			productName = WeiIM;
			productReference = 29E876761EAF4A2F00F0E55F /* WeiIM.app */;
			productType = "com.apple.product-type.application";
		};
/* End PBXNativeTarget section */

/* Begin PBXProject section */
		29E8766E1EAF4A2F00F0E55F /* Project object */ = {
			isa = PBXProject;
			attributes = {
				LastUpgradeCheck = 0830;
				ORGANIZATIONNAME = luowei;
				TargetAttributes = {
					29E876751EAF4A2F00F0E55F = {
						CreatedOnToolsVersion = 8.3.1;
						DevelopmentTeam = A57W3P5J93;
						LastSwiftMigration = 0830;
						ProvisioningStyle = Automatic;
					};
				};
			};
			buildConfigurationList = 29E876711EAF4A2F00F0E55F /* Build configuration list for PBXProject "WeiIM" */;
			compatibilityVersion = "Xcode 3.2";
			developmentRegion = English;
			hasScannedForEncodings = 0;
			knownRegions = (
				en,
				Base,
			);
			mainGroup = 29E8766D1EAF4A2F00F0E55F;
			productRefGroup = 29E876771EAF4A2F00F0E55F /* Products */;
			projectDirPath = "";
			projectRoot = "";
			targets = (
				29E876751EAF4A2F00F0E55F /* WeiIM */,
			);
		};
/* End PBXProject section */

/* Begin PBXResourcesBuildPhase section */
		29E876741EAF4A2F00F0E55F /* Resources */ = {
			isa = PBXResourcesBuildPhase;
			buildActionMask = 2147483647;
			files = (
				29E876891EAF4A2F00F0E55F /* LaunchScreen.storyboard in Resources */,
				29E876861EAF4A2F00F0E55F /* Assets.xcassets in Resources */,
				29E876841EAF4A2F00F0E55F /* Main.storyboard in Resources */,
				29E877101EB0478600F0E55F /* HMScanner.bundle in Resources */,
			);
			runOnlyForDeploymentPostprocessing = 0;
		};
/* End PBXResourcesBuildPhase section */

/* Begin PBXShellScriptBuildPhase section */
		04890ACC28EE0DFBA40AF538 /* [CP] Embed Pods Frameworks */ = {
			isa = PBXShellScriptBuildPhase;
			buildActionMask = 2147483647;
			files = (
			);
			inputPaths = (
			);
			name = "[CP] Embed Pods Frameworks";
			outputPaths = (
			);
			runOnlyForDeploymentPostprocessing = 0;
			shellPath = /bin/sh;
			shellScript = "\"${SRCROOT}/Pods/Target Support Files/Pods-WeiIM/Pods-WeiIM-frameworks.sh\"\n";
			showEnvVarsInLog = 0;
		};
		3BBF8F2AF2EC56C30EE517E4 /* [CP] Copy Pods Resources */ = {
			isa = PBXShellScriptBuildPhase;
			buildActionMask = 2147483647;
			files = (
			);
			inputPaths = (
			);
			name = "[CP] Copy Pods Resources";
			outputPaths = (
			);
			runOnlyForDeploymentPostprocessing = 0;
			shellPath = /bin/sh;
			shellScript = "\"${SRCROOT}/Pods/Target Support Files/Pods-WeiIM/Pods-WeiIM-resources.sh\"\n";
			showEnvVarsInLog = 0;
		};
		3E7DEAD8736C959700E0A01D /* [CP] Check Pods Manifest.lock */ = {
			isa = PBXShellScriptBuildPhase;
			buildActionMask = 2147483647;
			files = (
			);
			inputPaths = (
			);
			name = "[CP] Check Pods Manifest.lock";
			outputPaths = (
			);
			runOnlyForDeploymentPostprocessing = 0;
			shellPath = /bin/sh;
			shellScript = "diff \"${PODS_ROOT}/../Podfile.lock\" \"${PODS_ROOT}/Manifest.lock\" > /dev/null\nif [ $? != 0 ] ; then\n    # print error to STDERR\n    echo \"error: The sandbox is not in sync with the Podfile.lock. Run 'pod install' or update your CocoaPods installation.\" >&2\n    exit 1\nfi\n";
			showEnvVarsInLog = 0;
		};
/* End PBXShellScriptBuildPhase section */

/* Begin PBXSourcesBuildPhase section */
		29E876721EAF4A2F00F0E55F /* Sources */ = {
			isa = PBXSourcesBuildPhase;
			buildActionMask = 2147483647;
			files = (
				29E877601EB2E89100F0E55F /* ReGeocodeAnnotation.m in Sources */,
				1CBB8AC41EAF820B000C3ABF /* VCLogin.m in Sources */,
				29E877111EB0478600F0E55F /* HMScanner.m in Sources */,
				29E8771E1EB047AA00F0E55F /* CellUserImg.m in Sources */,
				29E8773F1EB0570900F0E55F /* GroupListCell.m in Sources */,
				29E877271EB047DA00F0E55F /* VCPhoto.m in Sources */,
				29E876811EAF4A2F00F0E55F /* ViewController.m in Sources */,
				29E877131EB0478600F0E55F /* HMScannerController.m in Sources */,
				29E8775B1EB2E84800F0E55F /* MapInfo.m in Sources */,
				29E877251EB047DA00F0E55F /* VCSetting.m in Sources */,
				1CBB8ABE1EAF820B000C3ABF /* VCMain.m in Sources */,
				29E8770F1EB0478600F0E55F /* HMScanerCardViewController.m in Sources */,
				1CBB8AC81EAF820B000C3ABF /* UIView+Frame.m in Sources */,
				29E8774C1EB072E300F0E55F /* InputTextBar.m in Sources */,
				29E8767E1EAF4A2F00F0E55F /* AppDelegate.m in Sources */,
				29E877491EB068B600F0E55F /* ChatCell.m in Sources */,
				1CBB8AC51EAF820B000C3ABF /* VCRegFinish.m in Sources */,
				29E877391EB04DE700F0E55F /* NewFriendCell.m in Sources */,
				29E877331EB04B6100F0E55F /* MessageCell.m in Sources */,
				29E876FF1EB0464D00F0E55F /* VCAddFriend.m in Sources */,
				29E877551EB0AB5E00F0E55F /* FuncButton.m in Sources */,
				29E8772D1EB0494B00F0E55F /* Toast.m in Sources */,
				29E877611EB2E89100F0E55F /* MANaviAnnotationView.m in Sources */,
				1CBB8AC01EAF820B000C3ABF /* VCDiscover.m in Sources */,
				1CBB8AC61EAF820B000C3ABF /* VCRegister.m in Sources */,
				29E8767B1EAF4A2F00F0E55F /* main.m in Sources */,
				1CBB8AC71EAF820B000C3ABF /* UIImageView+SDWebImage.m in Sources */,
				29E877261EB047DA00F0E55F /* VCQr.m in Sources */,
				29E877831EB2F40800F0E55F /* UIView+Screenshot.m in Sources */,
				29E8771D1EB047AA00F0E55F /* CellSetting.m in Sources */,
				29E877361EB04D6900F0E55F /* VCNewFriend.m in Sources */,
				29E877861EB3113900F0E55F /* VCMapShow.m in Sources */,
				1CBB8ABD1EAF820B000C3ABF /* VCBase.m in Sources */,
				29E877121EB0478600F0E55F /* HMScannerBorder.m in Sources */,
				1CBB8AC11EAF820B000C3ABF /* VCFriend.m in Sources */,
				29E877141EB0478600F0E55F /* HMScannerMaskView.m in Sources */,
				29E877461EB0683600F0E55F /* VCChat.m in Sources */,
				29E8774F1EB07D8400F0E55F /* FaceView.m in Sources */,
				29E877521EB0858A00F0E55F /* FunctionView.m in Sources */,
				29E877151EB0478600F0E55F /* HMScannerViewController.m in Sources */,
				29E8772A1EB048C700F0E55F /* ActionSheet.m in Sources */,
				29E8771C1EB047AA00F0E55F /* CellMeAction.m in Sources */,
				29E877581EB2E5E700F0E55F /* VCMap.m in Sources */,
				1CBB8ABF1EAF820B000C3ABF /* VCNavBase.m in Sources */,
				1CBB8AC91EAF820B000C3ABF /* XmppCenter.m in Sources */,
				1CBB8ACC1EAF82B8000C3ABF /* FriendCell.m in Sources */,
				1CBB8AC21EAF820B000C3ABF /* VCMessage.m in Sources */,
				29E8773C1EB0547600F0E55F /* VCGroupList.m in Sources */,
				1CBB8AC31EAF820B000C3ABF /* VCMine.m in Sources */,
			);
			runOnlyForDeploymentPostprocessing = 0;
		};
/* End PBXSourcesBuildPhase section */

/* Begin PBXVariantGroup section */
		29E876821EAF4A2F00F0E55F /* Main.storyboard */ = {
			isa = PBXVariantGroup;
			children = (
				29E876831EAF4A2F00F0E55F /* Base */,
			);
			name = Main.storyboard;
			sourceTree = "<group>";
		};
		29E876871EAF4A2F00F0E55F /* LaunchScreen.storyboard */ = {
			isa = PBXVariantGroup;
			children = (
				29E876881EAF4A2F00F0E55F /* Base */,
			);
			name = LaunchScreen.storyboard;
			sourceTree = "<group>";
		};
/* End PBXVariantGroup section */

/* Begin XCBuildConfiguration section */
		29E8768B1EAF4A2F00F0E55F /* Debug */ = {
			isa = XCBuildConfiguration;
			buildSettings = {
				ALWAYS_SEARCH_USER_PATHS = NO;
				CLANG_ANALYZER_NONNULL = YES;
				CLANG_ANALYZER_NUMBER_OBJECT_CONVERSION = YES_AGGRESSIVE;
				CLANG_CXX_LANGUAGE_STANDARD = "gnu++0x";
				CLANG_CXX_LIBRARY = "libc++";
				CLANG_ENABLE_MODULES = YES;
				CLANG_ENABLE_OBJC_ARC = YES;
				CLANG_WARN_BOOL_CONVERSION = YES;
				CLANG_WARN_CONSTANT_CONVERSION = YES;
				CLANG_WARN_DIRECT_OBJC_ISA_USAGE = YES_ERROR;
				CLANG_WARN_DOCUMENTATION_COMMENTS = YES;
				CLANG_WARN_EMPTY_BODY = YES;
				CLANG_WARN_ENUM_CONVERSION = YES;
				CLANG_WARN_INFINITE_RECURSION = YES;
				CLANG_WARN_INT_CONVERSION = YES;
				CLANG_WARN_OBJC_ROOT_CLASS = YES_ERROR;
				CLANG_WARN_SUSPICIOUS_MOVE = YES;
				CLANG_WARN_UNREACHABLE_CODE = YES;
				CLANG_WARN__DUPLICATE_METHOD_MATCH = YES;
				"CODE_SIGN_IDENTITY[sdk=iphoneos*]" = "iPhone Developer";
				COPY_PHASE_STRIP = NO;
				DEBUG_INFORMATION_FORMAT = dwarf;
				ENABLE_STRICT_OBJC_MSGSEND = YES;
				ENABLE_TESTABILITY = YES;
				GCC_C_LANGUAGE_STANDARD = gnu99;
				GCC_DYNAMIC_NO_PIC = NO;
				GCC_NO_COMMON_BLOCKS = YES;
				GCC_OPTIMIZATION_LEVEL = 0;
				GCC_PREPROCESSOR_DEFINITIONS = (
					"DEBUG=1",
					"$(inherited)",
				);
				GCC_WARN_64_TO_32_BIT_CONVERSION = YES;
				GCC_WARN_ABOUT_RETURN_TYPE = YES_ERROR;
				GCC_WARN_UNDECLARED_SELECTOR = YES;
				GCC_WARN_UNINITIALIZED_AUTOS = YES_AGGRESSIVE;
				GCC_WARN_UNUSED_FUNCTION = YES;
				GCC_WARN_UNUSED_VARIABLE = YES;
				IPHONEOS_DEPLOYMENT_TARGET = 10.3;
				MTL_ENABLE_DEBUG_INFO = YES;
				ONLY_ACTIVE_ARCH = YES;
				SDKROOT = iphoneos;
			};
			name = Debug;
		};
		29E8768C1EAF4A2F00F0E55F /* Release */ = {
			isa = XCBuildConfiguration;
			buildSettings = {
				ALWAYS_SEARCH_USER_PATHS = NO;
				CLANG_ANALYZER_NONNULL = YES;
				CLANG_ANALYZER_NUMBER_OBJECT_CONVERSION = YES_AGGRESSIVE;
				CLANG_CXX_LANGUAGE_STANDARD = "gnu++0x";
				CLANG_CXX_LIBRARY = "libc++";
				CLANG_ENABLE_MODULES = YES;
				CLANG_ENABLE_OBJC_ARC = YES;
				CLANG_WARN_BOOL_CONVERSION = YES;
				CLANG_WARN_CONSTANT_CONVERSION = YES;
				CLANG_WARN_DIRECT_OBJC_ISA_USAGE = YES_ERROR;
				CLANG_WARN_DOCUMENTATION_COMMENTS = YES;
				CLANG_WARN_EMPTY_BODY = YES;
				CLANG_WARN_ENUM_CONVERSION = YES;
				CLANG_WARN_INFINITE_RECURSION = YES;
				CLANG_WARN_INT_CONVERSION = YES;
				CLANG_WARN_OBJC_ROOT_CLASS = YES_ERROR;
				CLANG_WARN_SUSPICIOUS_MOVE = YES;
				CLANG_WARN_UNREACHABLE_CODE = YES;
				CLANG_WARN__DUPLICATE_METHOD_MATCH = YES;
				"CODE_SIGN_IDENTITY[sdk=iphoneos*]" = "iPhone Developer";
				COPY_PHASE_STRIP = NO;
				DEBUG_INFORMATION_FORMAT = "dwarf-with-dsym";
				ENABLE_NS_ASSERTIONS = NO;
				ENABLE_STRICT_OBJC_MSGSEND = YES;
				GCC_C_LANGUAGE_STANDARD = gnu99;
				GCC_NO_COMMON_BLOCKS = YES;
				GCC_WARN_64_TO_32_BIT_CONVERSION = YES;
				GCC_WARN_ABOUT_RETURN_TYPE = YES_ERROR;
				GCC_WARN_UNDECLARED_SELECTOR = YES;
				GCC_WARN_UNINITIALIZED_AUTOS = YES_AGGRESSIVE;
				GCC_WARN_UNUSED_FUNCTION = YES;
				GCC_WARN_UNUSED_VARIABLE = YES;
				IPHONEOS_DEPLOYMENT_TARGET = 10.3;
				MTL_ENABLE_DEBUG_INFO = NO;
				SDKROOT = iphoneos;
				VALIDATE_PRODUCT = YES;
			};
			name = Release;
		};
		29E8768E1EAF4A2F00F0E55F /* Debug */ = {
			isa = XCBuildConfiguration;
			baseConfigurationReference = 9C1A6599DE04680CCC70192E /* Pods-WeiIM.debug.xcconfig */;
			buildSettings = {
				ASSETCATALOG_COMPILER_APPICON_NAME = AppIcon;
				DEVELOPMENT_TEAM = A57W3P5J93;
				FRAMEWORK_SEARCH_PATHS = (
					"$(inherited)",
					"$(PROJECT_DIR)",
				);
				GCC_PREFIX_HEADER = "$(SRCROOT)/WeiIM/PrefixHeader.pch";
				INFOPLIST_FILE = WeiIM/Info.plist;
				IPHONEOS_DEPLOYMENT_TARGET = 8.0;
				LD_RUNPATH_SEARCH_PATHS = "$(inherited) @executable_path/Frameworks";
				PRODUCT_BUNDLE_IDENTIFIER = com.pentaq.WeiIM;
				PRODUCT_NAME = "$(TARGET_NAME)";
				SWIFT_VERSION = 3.0;
			};
			name = Debug;
		};
		29E8768F1EAF4A2F00F0E55F /* Release */ = {
			isa = XCBuildConfiguration;
			baseConfigurationReference = 3386A410A0F1F61676F411A3 /* Pods-WeiIM.release.xcconfig */;
			buildSettings = {
				ASSETCATALOG_COMPILER_APPICON_NAME = AppIcon;
				DEVELOPMENT_TEAM = A57W3P5J93;
				FRAMEWORK_SEARCH_PATHS = (
					"$(inherited)",
					"$(PROJECT_DIR)",
				);
				GCC_PREFIX_HEADER = "$(SRCROOT)/WeiIM/PrefixHeader.pch";
				INFOPLIST_FILE = WeiIM/Info.plist;
				IPHONEOS_DEPLOYMENT_TARGET = 8.0;
				LD_RUNPATH_SEARCH_PATHS = "$(inherited) @executable_path/Frameworks";
				PRODUCT_BUNDLE_IDENTIFIER = com.pentaq.WeiIM;
				PRODUCT_NAME = "$(TARGET_NAME)";
				SWIFT_VERSION = 3.0;
			};
			name = Release;
		};
/* End XCBuildConfiguration section */

/* Begin XCConfigurationList section */
		29E876711EAF4A2F00F0E55F /* Build configuration list for PBXProject "WeiIM" */ = {
			isa = XCConfigurationList;
			buildConfigurations = (
				29E8768B1EAF4A2F00F0E55F /* Debug */,
				29E8768C1EAF4A2F00F0E55F /* Release */,
			);
			defaultConfigurationIsVisible = 0;
			defaultConfigurationName = Release;
		};
		29E8768D1EAF4A2F00F0E55F /* Build configuration list for PBXNativeTarget "WeiIM" */ = {
			isa = XCConfigurationList;
			buildConfigurations = (
				29E8768E1EAF4A2F00F0E55F /* Debug */,
				29E8768F1EAF4A2F00F0E55F /* Release */,
			);
			defaultConfigurationIsVisible = 0;
			defaultConfigurationName = Release;
		};
/* End XCConfigurationList section */
	};
	rootObject = 29E8766E1EAF4A2F00F0E55F /* Project object */;
}
